# This file is automatically @generated by Poetry 1.8.2 and should not be changed by hand.

[[package]]
name = "annotated-types"
version = "0.7.0"
description = "Reusable constraint types to use with typing.Annotated"
optional = false
python-versions = ">=3.8"
files = [
    {file = "annotated_types-0.7.0-py3-none-any.whl", hash = "sha256:1f02e8b43a8fbbc3f3e0d4f0f4bfc8131bcb4eebe8849b8e5c773f3a1c582a53"},
    {file = "annotated_types-0.7.0.tar.gz", hash = "sha256:aff07c09a53a08bc8cfccb9c85b05f1aa9a2a6f23728d790723543408344ce89"},
]

[[package]]
name = "anyio"
version = "4.6.0"
description = "High level compatibility layer for multiple asynchronous event loop implementations"
optional = false
python-versions = ">=3.9"
files = [
    {file = "anyio-4.6.0-py3-none-any.whl", hash = "sha256:c7d2e9d63e31599eeb636c8c5c03a7e108d73b345f064f1c19fdc87b79036a9a"},
    {file = "anyio-4.6.0.tar.gz", hash = "sha256:137b4559cbb034c477165047febb6ff83f390fc3b20bf181c1fc0a728cb8beeb"},
]

[package.dependencies]
idna = ">=2.8"
sniffio = ">=1.1"

[package.extras]
doc = ["Sphinx (>=7.4,<8.0)", "packaging", "sphinx-autodoc-typehints (>=1.2.0)", "sphinx-rtd-theme"]
test = ["anyio[trio]", "coverage[toml] (>=7)", "exceptiongroup (>=1.2.0)", "hypothesis (>=4.0)", "psutil (>=5.9)", "pytest (>=7.0)", "pytest-mock (>=3.6.1)", "trustme", "uvloop (>=0.21.0b1)"]
trio = ["trio (>=0.26.1)"]

[[package]]
name = "black"
version = "24.8.0"
description = "The uncompromising code formatter."
optional = false
python-versions = ">=3.8"
files = [
    {file = "black-24.8.0-cp310-cp310-macosx_10_9_x86_64.whl", hash = "sha256:09cdeb74d494ec023ded657f7092ba518e8cf78fa8386155e4a03fdcc44679e6"},
    {file = "black-24.8.0-cp310-cp310-macosx_11_0_arm64.whl", hash = "sha256:81c6742da39f33b08e791da38410f32e27d632260e599df7245cccee2064afeb"},
    {file = "black-24.8.0-cp310-cp310-manylinux_2_17_x86_64.manylinux2014_x86_64.manylinux_2_28_x86_64.whl", hash = "sha256:707a1ca89221bc8a1a64fb5e15ef39cd755633daa672a9db7498d1c19de66a42"},
    {file = "black-24.8.0-cp310-cp310-win_amd64.whl", hash = "sha256:d6417535d99c37cee4091a2f24eb2b6d5ec42b144d50f1f2e436d9fe1916fe1a"},
    {file = "black-24.8.0-cp311-cp311-macosx_10_9_x86_64.whl", hash = "sha256:fb6e2c0b86bbd43dee042e48059c9ad7830abd5c94b0bc518c0eeec57c3eddc1"},
    {file = "black-24.8.0-cp311-cp311-macosx_11_0_arm64.whl", hash = "sha256:837fd281f1908d0076844bc2b801ad2d369c78c45cf800cad7b61686051041af"},
    {file = "black-24.8.0-cp311-cp311-manylinux_2_17_x86_64.manylinux2014_x86_64.manylinux_2_28_x86_64.whl", hash = "sha256:62e8730977f0b77998029da7971fa896ceefa2c4c4933fcd593fa599ecbf97a4"},
    {file = "black-24.8.0-cp311-cp311-win_amd64.whl", hash = "sha256:72901b4913cbac8972ad911dc4098d5753704d1f3c56e44ae8dce99eecb0e3af"},
    {file = "black-24.8.0-cp312-cp312-macosx_10_9_x86_64.whl", hash = "sha256:7c046c1d1eeb7aea9335da62472481d3bbf3fd986e093cffd35f4385c94ae368"},
    {file = "black-24.8.0-cp312-cp312-macosx_11_0_arm64.whl", hash = "sha256:649f6d84ccbae73ab767e206772cc2d7a393a001070a4c814a546afd0d423aed"},
    {file = "black-24.8.0-cp312-cp312-manylinux_2_17_x86_64.manylinux2014_x86_64.manylinux_2_28_x86_64.whl", hash = "sha256:2b59b250fdba5f9a9cd9d0ece6e6d993d91ce877d121d161e4698af3eb9c1018"},
    {file = "black-24.8.0-cp312-cp312-win_amd64.whl", hash = "sha256:6e55d30d44bed36593c3163b9bc63bf58b3b30e4611e4d88a0c3c239930ed5b2"},
    {file = "black-24.8.0-cp38-cp38-macosx_10_9_x86_64.whl", hash = "sha256:505289f17ceda596658ae81b61ebbe2d9b25aa78067035184ed0a9d855d18afd"},
    {file = "black-24.8.0-cp38-cp38-macosx_11_0_arm64.whl", hash = "sha256:b19c9ad992c7883ad84c9b22aaa73562a16b819c1d8db7a1a1a49fb7ec13c7d2"},
    {file = "black-24.8.0-cp38-cp38-manylinux_2_17_x86_64.manylinux2014_x86_64.manylinux_2_28_x86_64.whl", hash = "sha256:1f13f7f386f86f8121d76599114bb8c17b69d962137fc70efe56137727c7047e"},
    {file = "black-24.8.0-cp38-cp38-win_amd64.whl", hash = "sha256:f490dbd59680d809ca31efdae20e634f3fae27fba3ce0ba3208333b713bc3920"},
    {file = "black-24.8.0-cp39-cp39-macosx_10_9_x86_64.whl", hash = "sha256:eab4dd44ce80dea27dc69db40dab62d4ca96112f87996bca68cd75639aeb2e4c"},
    {file = "black-24.8.0-cp39-cp39-macosx_11_0_arm64.whl", hash = "sha256:3c4285573d4897a7610054af5a890bde7c65cb466040c5f0c8b732812d7f0e5e"},
    {file = "black-24.8.0-cp39-cp39-manylinux_2_17_x86_64.manylinux2014_x86_64.manylinux_2_28_x86_64.whl", hash = "sha256:9e84e33b37be070ba135176c123ae52a51f82306def9f7d063ee302ecab2cf47"},
    {file = "black-24.8.0-cp39-cp39-win_amd64.whl", hash = "sha256:73bbf84ed136e45d451a260c6b73ed674652f90a2b3211d6a35e78054563a9bb"},
    {file = "black-24.8.0-py3-none-any.whl", hash = "sha256:972085c618ee94f402da1af548a4f218c754ea7e5dc70acb168bfaca4c2542ed"},
    {file = "black-24.8.0.tar.gz", hash = "sha256:2500945420b6784c38b9ee885af039f5e7471ef284ab03fa35ecdde4688cd83f"},
]

[package.dependencies]
click = ">=8.0.0"
mypy-extensions = ">=0.4.3"
packaging = ">=22.0"
pathspec = ">=0.9.0"
platformdirs = ">=2"

[package.extras]
colorama = ["colorama (>=0.4.3)"]
d = ["aiohttp (>=3.7.4)", "aiohttp (>=3.7.4,!=3.9.0)"]
jupyter = ["ipython (>=7.8.0)", "tokenize-rt (>=3.2.0)"]
uvloop = ["uvloop (>=0.15.2)"]

[[package]]
name = "click"
version = "8.1.7"
description = "Composable command line interface toolkit"
optional = false
python-versions = ">=3.7"
files = [
    {file = "click-8.1.7-py3-none-any.whl", hash = "sha256:ae74fb96c20a0277a1d615f1e4d73c8414f5a98db8b799a7931d1582f3390c28"},
    {file = "click-8.1.7.tar.gz", hash = "sha256:ca9853ad459e787e2192211578cc907e7594e294c7ccc834310722b41b9ca6de"},
]

[package.dependencies]
colorama = {version = "*", markers = "platform_system == \"Windows\""}

[[package]]
name = "clickhouse-driver"
version = "0.2.7"
description = "Python driver with native interface for ClickHouse"
optional = false
python-versions = ">=3.7, <4"
files = [
    {file = "clickhouse-driver-0.2.7.tar.gz", hash = "sha256:299cfbe6d561955d88eeab6e09f3de31e2f6daccc6fdd904a59e46357d2d28d9"},
    {file = "clickhouse_driver-0.2.7-cp310-cp310-macosx_10_9_x86_64.whl", hash = "sha256:c44fefc2fd44f432d5b162bfe34ad76840137c34167d46a18c554a7c7c6e3566"},
    {file = "clickhouse_driver-0.2.7-cp310-cp310-macosx_11_0_arm64.whl", hash = "sha256:e018452a7bf8d8c0adf958afbc5b0d29e402fc09a1fb34e9186293eae57f3b4e"},
    {file = "clickhouse_driver-0.2.7-cp310-cp310-manylinux_2_17_aarch64.manylinux2014_aarch64.whl", hash = "sha256:ff8b09f8b13df28d2f91ee3d0d2edd9589cbda76b74acf60669112219cea8c9d"},
    {file = "clickhouse_driver-0.2.7-cp310-cp310-manylinux_2_17_ppc64le.manylinux2014_ppc64le.whl", hash = "sha256:54aa91c9512fd5a73f038cae4f67ca2ff0b2f8a84de846179a31530936ef4e20"},
    {file = "clickhouse_driver-0.2.7-cp310-cp310-manylinux_2_17_s390x.manylinux2014_s390x.whl", hash = "sha256:b8342a7ba31ccb393ee31dfd61173aa84c995b4ac0b44d404adc8463534233d5"},
    {file = "clickhouse_driver-0.2.7-cp310-cp310-manylinux_2_17_x86_64.manylinux2014_x86_64.whl", hash = "sha256:199000f8adf38fade0b5a52c273a396168105539de741a18ba3e68d7fc06e0e6"},
    {file = "clickhouse_driver-0.2.7-cp310-cp310-manylinux_2_5_i686.manylinux1_i686.manylinux_2_17_i686.manylinux2014_i686.whl", hash = "sha256:f60a2a40602b207506e505cfb184a81cd4b752bde17153bc0b32c3931ddb792f"},
    {file = "clickhouse_driver-0.2.7-cp310-cp310-musllinux_1_1_aarch64.whl", hash = "sha256:5db3a26b18146b2b0b06d3f32ce588af5afaa38c719daf6f9606981514228a8b"},
    {file = "clickhouse_driver-0.2.7-cp310-cp310-musllinux_1_1_i686.whl", hash = "sha256:5579a31da1f3cf49630e43fbbb11cab891b78161abdcb33908b79820b7cd3a23"},
    {file = "clickhouse_driver-0.2.7-cp310-cp310-musllinux_1_1_ppc64le.whl", hash = "sha256:cc39f0fb761aed96917b0f55679174a50f9591afc0e696e745cd698ef822661f"},
    {file = "clickhouse_driver-0.2.7-cp310-cp310-musllinux_1_1_s390x.whl", hash = "sha256:9aa0f7c740e4e61886c6d388792c5d1a2084d4b5462e6dcfc24e30ca7e7f8e68"},
    {file = "clickhouse_driver-0.2.7-cp310-cp310-musllinux_1_1_x86_64.whl", hash = "sha256:2caee88b6eec7b33ddbccd24501ad99ff8ff2b0a6a4471945cbfb28947a9a791"},
    {file = "clickhouse_driver-0.2.7-cp310-cp310-win32.whl", hash = "sha256:a4aef432cc7120a971eebb7ca2fddac4472e810b57e403d3a371b0c69cbb2bb0"},
    {file = "clickhouse_driver-0.2.7-cp310-cp310-win_amd64.whl", hash = "sha256:f307de7df6bc23ad5ec8a1ba1db157f4d14de673ddd4798f37790f23255605b0"},
    {file = "clickhouse_driver-0.2.7-cp311-cp311-macosx_10_9_x86_64.whl", hash = "sha256:cbf3ca8919bf856ca6588669a863065fb732a32a6387095f64d19038fd99db9f"},
    {file = "clickhouse_driver-0.2.7-cp311-cp311-macosx_11_0_arm64.whl", hash = "sha256:ab68b3d9b9d1386adfd3a57edd47b62858a145bf7ccc7f11b31d308195d966e5"},
    {file = "clickhouse_driver-0.2.7-cp311-cp311-manylinux_2_17_aarch64.manylinux2014_aarch64.whl", hash = "sha256:985a9d60044c5ad39c6e018b852c7105ec4ebfdf4c3abe23183b4867454e570a"},
    {file = "clickhouse_driver-0.2.7-cp311-cp311-manylinux_2_17_ppc64le.manylinux2014_ppc64le.whl", hash = "sha256:6c94330054c8d92d2286898906f843f26e2f96fc2aa11a9a96a7b5593d299bf0"},
    {file = "clickhouse_driver-0.2.7-cp311-cp311-manylinux_2_17_s390x.manylinux2014_s390x.whl", hash = "sha256:92938f55c8f797e50e624a4b96e685178d043cdf0ede306a7fd4e7dda19b8dfd"},
    {file = "clickhouse_driver-0.2.7-cp311-cp311-manylinux_2_17_x86_64.manylinux2014_x86_64.whl", hash = "sha256:05bd53e9bf49c3013d06f9e6d2812872d44b150f7a2d1cf18e1498257d42330e"},
    {file = "clickhouse_driver-0.2.7-cp311-cp311-manylinux_2_5_i686.manylinux1_i686.manylinux_2_17_i686.manylinux2014_i686.whl", hash = "sha256:0f1f8ed5404e283a9ded499c33eade2423fdc15e31f8a711d75e91f890d0f70b"},
    {file = "clickhouse_driver-0.2.7-cp311-cp311-musllinux_1_1_aarch64.whl", hash = "sha256:a398085e4a1766d907ac32c282d4172db38a44243bde303372396208d1cbf4bb"},
    {file = "clickhouse_driver-0.2.7-cp311-cp311-musllinux_1_1_i686.whl", hash = "sha256:fa1808593123b6056f93808f0afbc7938f06a8149cb4e381aa7b1a234c1d3c18"},
    {file = "clickhouse_driver-0.2.7-cp311-cp311-musllinux_1_1_ppc64le.whl", hash = "sha256:0512d54ae23bd4a69278e04f42b651d7c71b63ba6043e2c6bd97b11329692f99"},
    {file = "clickhouse_driver-0.2.7-cp311-cp311-musllinux_1_1_s390x.whl", hash = "sha256:5bc2b67e7e68f74ccebf95a8b3a13f13a7c34b89b32c9813103221de14c06c8b"},
    {file = "clickhouse_driver-0.2.7-cp311-cp311-musllinux_1_1_x86_64.whl", hash = "sha256:04a37cdafc671cb796af3e566cef0aeb39111d82aebeecd9106a049434953b26"},
    {file = "clickhouse_driver-0.2.7-cp311-cp311-win32.whl", hash = "sha256:019538c7c23e976538e5081dd2f77a8a40bf663c638a62d857ff05f42b0c9052"},
    {file = "clickhouse_driver-0.2.7-cp311-cp311-win_amd64.whl", hash = "sha256:5166643683584bc53fcadda73c65f6a9077feb472f3d167ecef1a1a7024973aa"},
    {file = "clickhouse_driver-0.2.7-cp312-cp312-macosx_10_9_x86_64.whl", hash = "sha256:59affab7b5a3c4aab5b6a730f606575efdefea213458de2eb14927ee4e0640f4"},
    {file = "clickhouse_driver-0.2.7-cp312-cp312-macosx_11_0_arm64.whl", hash = "sha256:dcb93dd07fe65ac4f1a2bc0b8967911d4ad2152dbee000f025ea5cb575da5ecb"},
    {file = "clickhouse_driver-0.2.7-cp312-cp312-manylinux_2_17_aarch64.manylinux2014_aarch64.whl", hash = "sha256:55a48019b79181ae1ca90e980e74c5d413c3f8829f6744e2b056646c2d435a1a"},
    {file = "clickhouse_driver-0.2.7-cp312-cp312-manylinux_2_17_ppc64le.manylinux2014_ppc64le.whl", hash = "sha256:507463c9157240fd7c3246781e8c30df8db3c80bf68925b36ff3ad4a80c4b924"},
    {file = "clickhouse_driver-0.2.7-cp312-cp312-manylinux_2_17_s390x.manylinux2014_s390x.whl", hash = "sha256:1e2d8d2295ee9e0cfab8ad77cb635a05da2160334b4f16ed8c3d00fbf39a2343"},
    {file = "clickhouse_driver-0.2.7-cp312-cp312-manylinux_2_17_x86_64.manylinux2014_x86_64.whl", hash = "sha256:e38c44546dcdb956b5ab0944cb3d51e8c98f816e75bab1a2254c478865bc6e7b"},
    {file = "clickhouse_driver-0.2.7-cp312-cp312-manylinux_2_5_i686.manylinux1_i686.manylinux_2_17_i686.manylinux2014_i686.whl", hash = "sha256:e6690a2bdd9e7531fe50b53193279f8b35cbcd5c5ee36c0fcc112518a7d24f16"},
    {file = "clickhouse_driver-0.2.7-cp312-cp312-musllinux_1_1_aarch64.whl", hash = "sha256:bc6b4ba0a6467fd09021aa1d87a44fb4589600d61b010fca41e0dfffd0dee322"},
    {file = "clickhouse_driver-0.2.7-cp312-cp312-musllinux_1_1_i686.whl", hash = "sha256:254bbd400eb87ff547a08755bc714f712e11f7a6d3ebbbb7aaa1dd454fb16d44"},
    {file = "clickhouse_driver-0.2.7-cp312-cp312-musllinux_1_1_ppc64le.whl", hash = "sha256:7bbbe3f8b87fc1489bc15fa9c88cc9fac9d4d7d683d076f058c2c83e6ee422fd"},
    {file = "clickhouse_driver-0.2.7-cp312-cp312-musllinux_1_1_s390x.whl", hash = "sha256:745e5b18f0957d932151527f1523d0e516c199de8c589638e5f55ab2559886f3"},
    {file = "clickhouse_driver-0.2.7-cp312-cp312-musllinux_1_1_x86_64.whl", hash = "sha256:0fa0357fb5f26149e3df86a117d3678329b85d8827b78a5a09bbf224d8dd4541"},
    {file = "clickhouse_driver-0.2.7-cp312-cp312-win32.whl", hash = "sha256:ace652af7ca94ba3cb3a04a5c363e135dc5009f31d8201903e21db9d5daf2358"},
    {file = "clickhouse_driver-0.2.7-cp312-cp312-win_amd64.whl", hash = "sha256:c0ba68489544df89e4138a14b0ec3e1e5eb102d5d3283a91d9b837c420c0ab97"},
    {file = "clickhouse_driver-0.2.7-cp37-cp37m-macosx_10_9_x86_64.whl", hash = "sha256:66267e4ba21fa66c97ce784a5de2202d3b7d4db3e50bfcdde92830a68f6fae30"},
    {file = "clickhouse_driver-0.2.7-cp37-cp37m-manylinux_2_17_aarch64.manylinux2014_aarch64.whl", hash = "sha256:6cf55c285b75c178487407721baef4980b3c6515c9c0c1a6c1ea8b001afe658e"},
    {file = "clickhouse_driver-0.2.7-cp37-cp37m-manylinux_2_17_ppc64le.manylinux2014_ppc64le.whl", hash = "sha256:deeb66bb56490db2157f199c6d9aa2c53f046677be430cc834fc1e74eec6e654"},
    {file = "clickhouse_driver-0.2.7-cp37-cp37m-manylinux_2_17_s390x.manylinux2014_s390x.whl", hash = "sha256:dfe5b4020939abeeb407b4eead598c954b1573d2d2b4f174f793b196d378b9d9"},
    {file = "clickhouse_driver-0.2.7-cp37-cp37m-manylinux_2_17_x86_64.manylinux2014_x86_64.whl", hash = "sha256:84d39506b5f8d86a1195ebde1c66aba168f34ebce6ebd828888f0625cac54774"},
    {file = "clickhouse_driver-0.2.7-cp37-cp37m-manylinux_2_5_i686.manylinux1_i686.manylinux_2_17_i686.manylinux2014_i686.whl", hash = "sha256:f93a27db2dcbbd3ecad36e8df4395d047cb7410e2dc69f6d037674e15442f4ee"},
    {file = "clickhouse_driver-0.2.7-cp37-cp37m-musllinux_1_1_aarch64.whl", hash = "sha256:ebc29e501e47ecbfd44c89c0e5c87b2a722049d38b9e93fdd4bea510a82e16ac"},
    {file = "clickhouse_driver-0.2.7-cp37-cp37m-musllinux_1_1_i686.whl", hash = "sha256:f9cc8c186fea09a94d89e5c9c4e8d05ec3a80e2f6d25673c48efec8117a13cfc"},
    {file = "clickhouse_driver-0.2.7-cp37-cp37m-musllinux_1_1_ppc64le.whl", hash = "sha256:0757dfde5410c42230b24825ea3ab904a78160520e5ceb953482e133e368733b"},
    {file = "clickhouse_driver-0.2.7-cp37-cp37m-musllinux_1_1_s390x.whl", hash = "sha256:c9f88818cf411f928c29ba295c677cd95773bd256b8490f5655fb489e0c6658c"},
    {file = "clickhouse_driver-0.2.7-cp37-cp37m-musllinux_1_1_x86_64.whl", hash = "sha256:e19952f158ebe274c65ffeb294ba378d75048a48f31b77573948d606bed019d5"},
    {file = "clickhouse_driver-0.2.7-cp37-cp37m-win32.whl", hash = "sha256:008b1f32c7c68564de8051482b72a5289b6933bca9d9b1ad1474dd448d6768ba"},
    {file = "clickhouse_driver-0.2.7-cp37-cp37m-win_amd64.whl", hash = "sha256:622933cc9834c39f03de5d43a12f13fc7133d31d6d2597e67866d4a549ca9e60"},
    {file = "clickhouse_driver-0.2.7-cp38-cp38-macosx_10_9_x86_64.whl", hash = "sha256:92540581e5b5f36d915f14d05c30244870fb123c74b38c645fa47663053c5471"},
    {file = "clickhouse_driver-0.2.7-cp38-cp38-macosx_11_0_arm64.whl", hash = "sha256:02dfadc6111b64e01c20b8c11266cab97d4f06685a392a183af437f2f1afb990"},
    {file = "clickhouse_driver-0.2.7-cp38-cp38-manylinux_2_17_aarch64.manylinux2014_aarch64.whl", hash = "sha256:e3ca17fece86fe85d97705024bec881978271931b3d00db273c9d63244f7d606"},
    {file = "clickhouse_driver-0.2.7-cp38-cp38-manylinux_2_17_ppc64le.manylinux2014_ppc64le.whl", hash = "sha256:76474f1315ca3ab484ae28ad085b8f756c8b9a755882f93912b2149290482033"},
    {file = "clickhouse_driver-0.2.7-cp38-cp38-manylinux_2_17_s390x.manylinux2014_s390x.whl", hash = "sha256:f5c0ff12368b34aaf58dd948b0819e5b54d261911de334d3f048328dc9354013"},
    {file = "clickhouse_driver-0.2.7-cp38-cp38-manylinux_2_17_x86_64.manylinux2014_x86_64.whl", hash = "sha256:8cd441b17294e90e313b08fabf84fcc782c191d2b9b2a924f163928202db6fcc"},
    {file = "clickhouse_driver-0.2.7-cp38-cp38-manylinux_2_5_i686.manylinux1_i686.manylinux_2_17_i686.manylinux2014_i686.whl", hash = "sha256:62aa158f61d7d84c58e8cd75b3b8340b28607e5a70132395078f578d518aaae3"},
    {file = "clickhouse_driver-0.2.7-cp38-cp38-musllinux_1_1_aarch64.whl", hash = "sha256:bcb2a39a1fef8bf1b581f06125c2a84a5b92c939b079d1a95126e3207b05dc77"},
    {file = "clickhouse_driver-0.2.7-cp38-cp38-musllinux_1_1_i686.whl", hash = "sha256:1f29cc641a65e89a51a15f6d195f565ad2761d1bd653408c6b4046c987c5fb99"},
    {file = "clickhouse_driver-0.2.7-cp38-cp38-musllinux_1_1_ppc64le.whl", hash = "sha256:ac1a43690696bda46c9a23fc6fd79b6fe22d428a18e880bdbdf5e6aeb31008c5"},
    {file = "clickhouse_driver-0.2.7-cp38-cp38-musllinux_1_1_s390x.whl", hash = "sha256:1dd5ea4584c42f85d96ddfa7d07da2abb35a797c45e4d3a66ace149ee4977cad"},
    {file = "clickhouse_driver-0.2.7-cp38-cp38-musllinux_1_1_x86_64.whl", hash = "sha256:a736c0af858a3c83af03848b18754ab18dc594cc7f3bf6be0b1fac682def182c"},
    {file = "clickhouse_driver-0.2.7-cp38-cp38-win32.whl", hash = "sha256:6cb8ca47f5818c1bc5814b9ff775e383f3c50059b1fd28a02cb9be1b666929f8"},
    {file = "clickhouse_driver-0.2.7-cp38-cp38-win_amd64.whl", hash = "sha256:a90e7dc92985669a5e6569356bb3028d9d475f95006d4487cb0789aa53f9489c"},
    {file = "clickhouse_driver-0.2.7-cp39-cp39-macosx_10_9_x86_64.whl", hash = "sha256:04b77cd6c583da9135db4a62c5a7999ae248c2dbfc0cb8e8a3d8a853b1fbfa11"},
    {file = "clickhouse_driver-0.2.7-cp39-cp39-macosx_11_0_arm64.whl", hash = "sha256:c7671f8c0e8960d766b2e0eaefcae3088fccdd3920e9cd3dee8e344cfd0a6929"},
    {file = "clickhouse_driver-0.2.7-cp39-cp39-manylinux_2_17_aarch64.manylinux2014_aarch64.whl", hash = "sha256:502d7cd28522b95a399e993ffd48487e8c12c50ce2d4e89b77b938f945304405"},
    {file = "clickhouse_driver-0.2.7-cp39-cp39-manylinux_2_17_ppc64le.manylinux2014_ppc64le.whl", hash = "sha256:969739279f4010e7b5b6b2c9d2ab56a463aed11fdaed5e02424c1b3915f144f8"},
    {file = "clickhouse_driver-0.2.7-cp39-cp39-manylinux_2_17_s390x.manylinux2014_s390x.whl", hash = "sha256:ed34b60f741eeb02407ea72180d77cbfc368c1be6fc2f2ff8319d1856ce67e10"},
    {file = "clickhouse_driver-0.2.7-cp39-cp39-manylinux_2_17_x86_64.manylinux2014_x86_64.whl", hash = "sha256:a667b48927f4420eb8c03fa33369edfbdf359a788897a01ac945263a2a611461"},
    {file = "clickhouse_driver-0.2.7-cp39-cp39-manylinux_2_5_i686.manylinux1_i686.manylinux_2_17_i686.manylinux2014_i686.whl", hash = "sha256:1f93aa3a90f3847872d7464ec9076482b2e812c4e7d61682daedffdf3471be00"},
    {file = "clickhouse_driver-0.2.7-cp39-cp39-musllinux_1_1_aarch64.whl", hash = "sha256:190890667215691fdf2155c3b233b39146054ab1cd854c7d91221e6ed633d71e"},
    {file = "clickhouse_driver-0.2.7-cp39-cp39-musllinux_1_1_i686.whl", hash = "sha256:ff280aeac5e96c764cd31ba1077c95601337b9a97fb0b9ed4d24c64431f2c322"},
    {file = "clickhouse_driver-0.2.7-cp39-cp39-musllinux_1_1_ppc64le.whl", hash = "sha256:01e63e35d2ab55b8eb48facf6e951968c80d27ee6703aa6c91c73d9d0a4d0efe"},
    {file = "clickhouse_driver-0.2.7-cp39-cp39-musllinux_1_1_s390x.whl", hash = "sha256:a29fb24b910dafc8c11ba882797d13ec0323a97dce80a57673116fa893d1b669"},
    {file = "clickhouse_driver-0.2.7-cp39-cp39-musllinux_1_1_x86_64.whl", hash = "sha256:5f229a7853fc767e63143ea69889d49f6fd5623adc2f7b0f7eb360117d7e91a5"},
    {file = "clickhouse_driver-0.2.7-cp39-cp39-win32.whl", hash = "sha256:b7f34ad2ed509f48f8ed1f9b96e89765173a7b35d286c7350aa85934a11c0f49"},
    {file = "clickhouse_driver-0.2.7-cp39-cp39-win_amd64.whl", hash = "sha256:78b166597afbe490cc0cdac44fed8c8b81668f87125601dda17b154f237eef5d"},
    {file = "clickhouse_driver-0.2.7-pp310-pypy310_pp73-macosx_10_9_x86_64.whl", hash = "sha256:16ab64beb8d079cb9b3200539539a35168f524eedf890c9acefb719e25bdc96e"},
    {file = "clickhouse_driver-0.2.7-pp310-pypy310_pp73-manylinux_2_17_aarch64.manylinux2014_aarch64.whl", hash = "sha256:03e28fd50fc7c54874bf8e638a2ea87f73ae35bfbbf90123fdb395f38d62f159"},
    {file = "clickhouse_driver-0.2.7-pp310-pypy310_pp73-manylinux_2_17_x86_64.manylinux2014_x86_64.whl", hash = "sha256:0677b8350acd8d186b6acd0026b62dd262d6fee428a5fa3ad9561908d4b02c39"},
    {file = "clickhouse_driver-0.2.7-pp310-pypy310_pp73-manylinux_2_5_i686.manylinux1_i686.manylinux_2_17_i686.manylinux2014_i686.whl", hash = "sha256:a2f3c9e2182809131701bb28a606dec90525c7ab20490714714a4b3eb015454b"},
    {file = "clickhouse_driver-0.2.7-pp310-pypy310_pp73-win_amd64.whl", hash = "sha256:e03a1a1b30cc58c9bd2cbe25bf5e40b1f1d16d52d44ddefb3af50435d1ed613c"},
    {file = "clickhouse_driver-0.2.7-pp37-pypy37_pp73-macosx_10_9_x86_64.whl", hash = "sha256:a1be8081306a4beb12444ed8e3208e1eb6c01ed207c471b33009c13504c88139"},
    {file = "clickhouse_driver-0.2.7-pp37-pypy37_pp73-manylinux_2_17_aarch64.manylinux2014_aarch64.whl", hash = "sha256:933b40722cbca9b1123a5bb2fb4bafafd234deae0f3481125cb6b6fa1d39aa84"},
    {file = "clickhouse_driver-0.2.7-pp37-pypy37_pp73-manylinux_2_17_x86_64.manylinux2014_x86_64.whl", hash = "sha256:3054b5022f9bf15a5f4663a7cd190f466e70a2d7b8d45429d8742c515b556c10"},
    {file = "clickhouse_driver-0.2.7-pp37-pypy37_pp73-manylinux_2_5_i686.manylinux1_i686.manylinux_2_17_i686.manylinux2014_i686.whl", hash = "sha256:61744760ee046c9a268cb801ca21bfe44c4873db9901a7cd0f3ca8830205feff"},
    {file = "clickhouse_driver-0.2.7-pp37-pypy37_pp73-win_amd64.whl", hash = "sha256:5e28427e05a72e7a4c3672e36703a2d80107ee0b3ab537e3380d726c96b07821"},
    {file = "clickhouse_driver-0.2.7-pp38-pypy38_pp73-macosx_10_9_x86_64.whl", hash = "sha256:c483f5ec836ae87803478f2a7b9daf15343078edd6a8be7364dd9db64905bbd0"},
    {file = "clickhouse_driver-0.2.7-pp38-pypy38_pp73-manylinux_2_17_aarch64.manylinux2014_aarch64.whl", hash = "sha256:28220b794874e68bc2f06dbfff5748f1c5a3236922f59e127abd58d44ae20a3f"},
    {file = "clickhouse_driver-0.2.7-pp38-pypy38_pp73-manylinux_2_17_x86_64.manylinux2014_x86_64.whl", hash = "sha256:8c09877b59b34d5b3043ad70ec31543173cac8b64b4a8afaa89416b22fb28da5"},
    {file = "clickhouse_driver-0.2.7-pp38-pypy38_pp73-manylinux_2_5_i686.manylinux1_i686.manylinux_2_17_i686.manylinux2014_i686.whl", hash = "sha256:3580f78db27119f7380627873214ae1342066f1ecb35700c1d7bf418dd70ae73"},
    {file = "clickhouse_driver-0.2.7-pp38-pypy38_pp73-win_amd64.whl", hash = "sha256:0842ac1b2f7a9ca46dac2027849b241bccd8eb8ff1c59cb0a5874042b267b733"},
    {file = "clickhouse_driver-0.2.7-pp39-pypy39_pp73-macosx_10_9_x86_64.whl", hash = "sha256:7a3fb585e2d3514196258a4a3b0267510c03477f3c2380239ade4c056ba689a7"},
    {file = "clickhouse_driver-0.2.7-pp39-pypy39_pp73-manylinux_2_17_aarch64.manylinux2014_aarch64.whl", hash = "sha256:48ea25287566d45efbaee0857ad25e8b33ffd7fd73e89424d79fe7f532962915"},
    {file = "clickhouse_driver-0.2.7-pp39-pypy39_pp73-manylinux_2_17_x86_64.manylinux2014_x86_64.whl", hash = "sha256:ee4a4935667b59b4816a5ca77300f5dbe5a7416860551d17376426b8fefc1175"},
    {file = "clickhouse_driver-0.2.7-pp39-pypy39_pp73-manylinux_2_5_i686.manylinux1_i686.manylinux_2_17_i686.manylinux2014_i686.whl", hash = "sha256:358058cfceea9b43c4af9de81842563746f16984b34525a15b41eacf8fc2bed2"},
    {file = "clickhouse_driver-0.2.7-pp39-pypy39_pp73-win_amd64.whl", hash = "sha256:ae760fb843dec0b5c398536ca8dfaf243f494ba8fc68132ae1bd62004b0c396a"},
]

[package.dependencies]
pytz = "*"
tzlocal = "*"

[package.extras]
lz4 = ["clickhouse-cityhash (>=1.0.2.1)", "lz4", "lz4 (<=3.0.1)"]
numpy = ["numpy (>=1.12.0)", "pandas (>=0.24.0)"]
zstd = ["clickhouse-cityhash (>=1.0.2.1)", "zstd"]

[[package]]
name = "clickhouse-pool"
version = "0.6.0"
description = "a thread-safe connection pool for ClickHouse"
optional = false
python-versions = "<4.0,>=3.9"
files = [
    {file = "clickhouse_pool-0.6.0-py3-none-any.whl", hash = "sha256:4e14aee4236a02789d4af752690c3f4430d1a6ae4188ae0df127de5814152ee3"},
    {file = "clickhouse_pool-0.6.0.tar.gz", hash = "sha256:68d785ff8275fc5a47f36b014f56764fdd222716af798a8f91bee56585749a3c"},
]

[package.dependencies]
clickhouse-driver = "0.2.7"

[[package]]
name = "colorama"
version = "0.4.6"
description = "Cross-platform colored terminal text."
optional = false
python-versions = "!=3.0.*,!=3.1.*,!=3.2.*,!=3.3.*,!=3.4.*,!=3.5.*,!=3.6.*,>=2.7"
files = [
    {file = "colorama-0.4.6-py2.py3-none-any.whl", hash = "sha256:4f1d9991f5acc0ca119f9d443620b77f9d6b33703e51011c16baf57afb285fc6"},
    {file = "colorama-0.4.6.tar.gz", hash = "sha256:08695f5cb7ed6e0531a20572697297273c47b8cae5a63ffc6d6ed5c201be6e44"},
]

[[package]]
name = "fastapi"
version = "0.115.0"
description = "FastAPI framework, high performance, easy to learn, fast to code, ready for production"
optional = false
python-versions = ">=3.8"
files = [
    {file = "fastapi-0.115.0-py3-none-any.whl", hash = "sha256:17ea427674467486e997206a5ab25760f6b09e069f099b96f5b55a32fb6f1631"},
    {file = "fastapi-0.115.0.tar.gz", hash = "sha256:f93b4ca3529a8ebc6fc3fcf710e5efa8de3df9b41570958abf1d97d843138004"},
]

[package.dependencies]
pydantic = ">=1.7.4,<1.8 || >1.8,<1.8.1 || >1.8.1,<2.0.0 || >2.0.0,<2.0.1 || >2.0.1,<2.1.0 || >2.1.0,<3.0.0"
starlette = ">=0.37.2,<0.39.0"
typing-extensions = ">=4.8.0"

[package.extras]
all = ["email-validator (>=2.0.0)", "fastapi-cli[standard] (>=0.0.5)", "httpx (>=0.23.0)", "itsdangerous (>=1.1.0)", "jinja2 (>=2.11.2)", "orjson (>=3.2.1)", "pydantic-extra-types (>=2.0.0)", "pydantic-settings (>=2.0.0)", "python-multipart (>=0.0.7)", "pyyaml (>=5.3.1)", "ujson (>=4.0.1,!=4.0.2,!=4.1.0,!=4.2.0,!=4.3.0,!=5.0.0,!=5.1.0)", "uvicorn[standard] (>=0.12.0)"]
standard = ["email-validator (>=2.0.0)", "fastapi-cli[standard] (>=0.0.5)", "httpx (>=0.23.0)", "jinja2 (>=2.11.2)", "python-multipart (>=0.0.7)", "uvicorn[standard] (>=0.12.0)"]

[[package]]
name = "h11"
version = "0.14.0"
description = "A pure-Python, bring-your-own-I/O implementation of HTTP/1.1"
optional = false
python-versions = ">=3.7"
files = [
    {file = "h11-0.14.0-py3-none-any.whl", hash = "sha256:e3fe4ac4b851c468cc8363d500db52c2ead036020723024a109d37346efaa761"},
    {file = "h11-0.14.0.tar.gz", hash = "sha256:8f19fbbe99e72420ff35c00b27a34cb9937e902a8b810e2c88300c6f0a3b699d"},
]

[[package]]
name = "idna"
version = "3.10"
description = "Internationalized Domain Names in Applications (IDNA)"
optional = false
python-versions = ">=3.6"
files = [
    {file = "idna-3.10-py3-none-any.whl", hash = "sha256:946d195a0d259cbba61165e88e65941f16e9b36ea6ddb97f00452bae8b1287d3"},
    {file = "idna-3.10.tar.gz", hash = "sha256:12f65c9b470abda6dc35cf8e63cc574b1c52b11df2c86030af0ac09b01b13ea9"},
]

[package.extras]
all = ["flake8 (>=7.1.1)", "mypy (>=1.11.2)", "pytest (>=8.3.2)", "ruff (>=0.6.2)"]

[[package]]
name = "mypy-extensions"
version = "1.0.0"
description = "Type system extensions for programs checked with the mypy type checker."
optional = false
python-versions = ">=3.5"
files = [
    {file = "mypy_extensions-1.0.0-py3-none-any.whl", hash = "sha256:4392f6c0eb8a5668a69e23d168ffa70f0be9ccfd32b5cc2d26a34ae5b844552d"},
    {file = "mypy_extensions-1.0.0.tar.gz", hash = "sha256:75dbf8955dc00442a438fc4d0666508a9a97b6bd41aa2f0ffe9d2f2725af0782"},
]

[[package]]
name = "packaging"
version = "24.1"
description = "Core utilities for Python packages"
optional = false
python-versions = ">=3.8"
files = [
    {file = "packaging-24.1-py3-none-any.whl", hash = "sha256:5b8f2217dbdbd2f7f384c41c628544e6d52f2d0f53c6d0c3ea61aa5d1d7ff124"},
    {file = "packaging-24.1.tar.gz", hash = "sha256:026ed72c8ed3fcce5bf8950572258698927fd1dbda10a5e981cdf0ac37f4f002"},
]

[[package]]
name = "pathspec"
version = "0.12.1"
description = "Utility library for gitignore style pattern matching of file paths."
optional = false
python-versions = ">=3.8"
files = [
    {file = "pathspec-0.12.1-py3-none-any.whl", hash = "sha256:a0d503e138a4c123b27490a4f7beda6a01c6f288df0e4a8b79c7eb0dc7b4cc08"},
    {file = "pathspec-0.12.1.tar.gz", hash = "sha256:a482d51503a1ab33b1c67a6c3813a26953dbdc71c31dacaef9a838c4e29f5712"},
]

[[package]]
name = "platformdirs"
version = "4.3.6"
description = "A small Python package for determining appropriate platform-specific dirs, e.g. a `user data dir`."
optional = false
python-versions = ">=3.8"
files = [
    {file = "platformdirs-4.3.6-py3-none-any.whl", hash = "sha256:73e575e1408ab8103900836b97580d5307456908a03e92031bab39e4554cc3fb"},
    {file = "platformdirs-4.3.6.tar.gz", hash = "sha256:357fb2acbc885b0419afd3ce3ed34564c13c9b95c89360cd9563f73aa5e2b907"},
]

[package.extras]
docs = ["furo (>=2024.8.6)", "proselint (>=0.14)", "sphinx (>=8.0.2)", "sphinx-autodoc-typehints (>=2.4)"]
test = ["appdirs (==1.4.4)", "covdefaults (>=2.3)", "pytest (>=8.3.2)", "pytest-cov (>=5)", "pytest-mock (>=3.14)"]
type = ["mypy (>=1.11.2)"]

[[package]]
name = "prometheus-client"
version = "0.21.0"
description = "Python client for the Prometheus monitoring system."
optional = false
python-versions = ">=3.8"
files = [
    {file = "prometheus_client-0.21.0-py3-none-any.whl", hash = "sha256:4fa6b4dd0ac16d58bb587c04b1caae65b8c5043e85f778f42f5f632f6af2e166"},
    {file = "prometheus_client-0.21.0.tar.gz", hash = "sha256:96c83c606b71ff2b0a433c98889d275f51ffec6c5e267de37c7a2b5c9aa9233e"},
]

[package.extras]
twisted = ["twisted"]

[[package]]
name = "prometheus-fastapi-instrumentator"
version = "7.0.0"
description = "Instrument your FastAPI with Prometheus metrics."
optional = false
python-versions = ">=3.8.1,<4.0.0"
files = [
    {file = "prometheus_fastapi_instrumentator-7.0.0-py3-none-any.whl", hash = "sha256:96030c43c776ee938a3dae58485ec24caed7e05bfc60fe067161e0d5b5757052"},
    {file = "prometheus_fastapi_instrumentator-7.0.0.tar.gz", hash = "sha256:5ba67c9212719f244ad7942d75ded80693b26331ee5dfc1e7571e4794a9ccbed"},
]

[package.dependencies]
prometheus-client = ">=0.8.0,<1.0.0"
starlette = ">=0.30.0,<1.0.0"

[[package]]
name = "pydantic"
version = "2.9.2"
description = "Data validation using Python type hints"
optional = false
python-versions = ">=3.8"
files = [
    {file = "pydantic-2.9.2-py3-none-any.whl", hash = "sha256:f048cec7b26778210e28a0459867920654d48e5e62db0958433636cde4254f12"},
    {file = "pydantic-2.9.2.tar.gz", hash = "sha256:d155cef71265d1e9807ed1c32b4c8deec042a44a50a4188b25ac67ecd81a9c0f"},
]

[package.dependencies]
annotated-types = ">=0.6.0"
pydantic-core = "2.23.4"
typing-extensions = [
    {version = ">=4.12.2", markers = "python_version >= \"3.13\""},
    {version = ">=4.6.1", markers = "python_version < \"3.13\""},
]

[package.extras]
email = ["email-validator (>=2.0.0)"]
timezone = ["tzdata"]

[[package]]
name = "pydantic-core"
version = "2.23.4"
description = "Core functionality for Pydantic validation and serialization"
optional = false
python-versions = ">=3.8"
files = [
    {file = "pydantic_core-2.23.4-cp310-cp310-macosx_10_12_x86_64.whl", hash = "sha256:b10bd51f823d891193d4717448fab065733958bdb6a6b351967bd349d48d5c9b"},
    {file = "pydantic_core-2.23.4-cp310-cp310-macosx_11_0_arm64.whl", hash = "sha256:4fc714bdbfb534f94034efaa6eadd74e5b93c8fa6315565a222f7b6f42ca1166"},
    {file = "pydantic_core-2.23.4-cp310-cp310-manylinux_2_17_aarch64.manylinux2014_aarch64.whl", hash = "sha256:63e46b3169866bd62849936de036f901a9356e36376079b05efa83caeaa02ceb"},
    {file = "pydantic_core-2.23.4-cp310-cp310-manylinux_2_17_armv7l.manylinux2014_armv7l.whl", hash = "sha256:ed1a53de42fbe34853ba90513cea21673481cd81ed1be739f7f2efb931b24916"},
    {file = "pydantic_core-2.23.4-cp310-cp310-manylinux_2_17_ppc64le.manylinux2014_ppc64le.whl", hash = "sha256:cfdd16ab5e59fc31b5e906d1a3f666571abc367598e3e02c83403acabc092e07"},
    {file = "pydantic_core-2.23.4-cp310-cp310-manylinux_2_17_s390x.manylinux2014_s390x.whl", hash = "sha256:255a8ef062cbf6674450e668482456abac99a5583bbafb73f9ad469540a3a232"},
    {file = "pydantic_core-2.23.4-cp310-cp310-manylinux_2_17_x86_64.manylinux2014_x86_64.whl", hash = "sha256:4a7cd62e831afe623fbb7aabbb4fe583212115b3ef38a9f6b71869ba644624a2"},
    {file = "pydantic_core-2.23.4-cp310-cp310-manylinux_2_5_i686.manylinux1_i686.whl", hash = "sha256:f09e2ff1f17c2b51f2bc76d1cc33da96298f0a036a137f5440ab3ec5360b624f"},
    {file = "pydantic_core-2.23.4-cp310-cp310-musllinux_1_1_aarch64.whl", hash = "sha256:e38e63e6f3d1cec5a27e0afe90a085af8b6806ee208b33030e65b6516353f1a3"},
    {file = "pydantic_core-2.23.4-cp310-cp310-musllinux_1_1_x86_64.whl", hash = "sha256:0dbd8dbed2085ed23b5c04afa29d8fd2771674223135dc9bc937f3c09284d071"},
    {file = "pydantic_core-2.23.4-cp310-none-win32.whl", hash = "sha256:6531b7ca5f951d663c339002e91aaebda765ec7d61b7d1e3991051906ddde119"},
    {file = "pydantic_core-2.23.4-cp310-none-win_amd64.whl", hash = "sha256:7c9129eb40958b3d4500fa2467e6a83356b3b61bfff1b414c7361d9220f9ae8f"},
    {file = "pydantic_core-2.23.4-cp311-cp311-macosx_10_12_x86_64.whl", hash = "sha256:77733e3892bb0a7fa797826361ce8a9184d25c8dffaec60b7ffe928153680ba8"},
    {file = "pydantic_core-2.23.4-cp311-cp311-macosx_11_0_arm64.whl", hash = "sha256:1b84d168f6c48fabd1f2027a3d1bdfe62f92cade1fb273a5d68e621da0e44e6d"},
    {file = "pydantic_core-2.23.4-cp311-cp311-manylinux_2_17_aarch64.manylinux2014_aarch64.whl", hash = "sha256:df49e7a0861a8c36d089c1ed57d308623d60416dab2647a4a17fe050ba85de0e"},
    {file = "pydantic_core-2.23.4-cp311-cp311-manylinux_2_17_armv7l.manylinux2014_armv7l.whl", hash = "sha256:ff02b6d461a6de369f07ec15e465a88895f3223eb75073ffea56b84d9331f607"},
    {file = "pydantic_core-2.23.4-cp311-cp311-manylinux_2_17_ppc64le.manylinux2014_ppc64le.whl", hash = "sha256:996a38a83508c54c78a5f41456b0103c30508fed9abcad0a59b876d7398f25fd"},
    {file = "pydantic_core-2.23.4-cp311-cp311-manylinux_2_17_s390x.manylinux2014_s390x.whl", hash = "sha256:d97683ddee4723ae8c95d1eddac7c192e8c552da0c73a925a89fa8649bf13eea"},
    {file = "pydantic_core-2.23.4-cp311-cp311-manylinux_2_17_x86_64.manylinux2014_x86_64.whl", hash = "sha256:216f9b2d7713eb98cb83c80b9c794de1f6b7e3145eef40400c62e86cee5f4e1e"},
    {file = "pydantic_core-2.23.4-cp311-cp311-manylinux_2_5_i686.manylinux1_i686.whl", hash = "sha256:6f783e0ec4803c787bcea93e13e9932edab72068f68ecffdf86a99fd5918878b"},
    {file = "pydantic_core-2.23.4-cp311-cp311-musllinux_1_1_aarch64.whl", hash = "sha256:d0776dea117cf5272382634bd2a5c1b6eb16767c223c6a5317cd3e2a757c61a0"},
    {file = "pydantic_core-2.23.4-cp311-cp311-musllinux_1_1_x86_64.whl", hash = "sha256:d5f7a395a8cf1621939692dba2a6b6a830efa6b3cee787d82c7de1ad2930de64"},
    {file = "pydantic_core-2.23.4-cp311-none-win32.whl", hash = "sha256:74b9127ffea03643e998e0c5ad9bd3811d3dac8c676e47db17b0ee7c3c3bf35f"},
    {file = "pydantic_core-2.23.4-cp311-none-win_amd64.whl", hash = "sha256:98d134c954828488b153d88ba1f34e14259284f256180ce659e8d83e9c05eaa3"},
    {file = "pydantic_core-2.23.4-cp312-cp312-macosx_10_12_x86_64.whl", hash = "sha256:f3e0da4ebaef65158d4dfd7d3678aad692f7666877df0002b8a522cdf088f231"},
    {file = "pydantic_core-2.23.4-cp312-cp312-macosx_11_0_arm64.whl", hash = "sha256:f69a8e0b033b747bb3e36a44e7732f0c99f7edd5cea723d45bc0d6e95377ffee"},
    {file = "pydantic_core-2.23.4-cp312-cp312-manylinux_2_17_aarch64.manylinux2014_aarch64.whl", hash = "sha256:723314c1d51722ab28bfcd5240d858512ffd3116449c557a1336cbe3919beb87"},
    {file = "pydantic_core-2.23.4-cp312-cp312-manylinux_2_17_armv7l.manylinux2014_armv7l.whl", hash = "sha256:bb2802e667b7051a1bebbfe93684841cc9351004e2badbd6411bf357ab8d5ac8"},
    {file = "pydantic_core-2.23.4-cp312-cp312-manylinux_2_17_ppc64le.manylinux2014_ppc64le.whl", hash = "sha256:d18ca8148bebe1b0a382a27a8ee60350091a6ddaf475fa05ef50dc35b5df6327"},
    {file = "pydantic_core-2.23.4-cp312-cp312-manylinux_2_17_s390x.manylinux2014_s390x.whl", hash = "sha256:33e3d65a85a2a4a0dc3b092b938a4062b1a05f3a9abde65ea93b233bca0e03f2"},
    {file = "pydantic_core-2.23.4-cp312-cp312-manylinux_2_17_x86_64.manylinux2014_x86_64.whl", hash = "sha256:128585782e5bfa515c590ccee4b727fb76925dd04a98864182b22e89a4e6ed36"},
    {file = "pydantic_core-2.23.4-cp312-cp312-manylinux_2_5_i686.manylinux1_i686.whl", hash = "sha256:68665f4c17edcceecc112dfed5dbe6f92261fb9d6054b47d01bf6371a6196126"},
    {file = "pydantic_core-2.23.4-cp312-cp312-musllinux_1_1_aarch64.whl", hash = "sha256:20152074317d9bed6b7a95ade3b7d6054845d70584216160860425f4fbd5ee9e"},
    {file = "pydantic_core-2.23.4-cp312-cp312-musllinux_1_1_x86_64.whl", hash = "sha256:9261d3ce84fa1d38ed649c3638feefeae23d32ba9182963e465d58d62203bd24"},
    {file = "pydantic_core-2.23.4-cp312-none-win32.whl", hash = "sha256:4ba762ed58e8d68657fc1281e9bb72e1c3e79cc5d464be146e260c541ec12d84"},
    {file = "pydantic_core-2.23.4-cp312-none-win_amd64.whl", hash = "sha256:97df63000f4fea395b2824da80e169731088656d1818a11b95f3b173747b6cd9"},
    {file = "pydantic_core-2.23.4-cp313-cp313-macosx_10_12_x86_64.whl", hash = "sha256:7530e201d10d7d14abce4fb54cfe5b94a0aefc87da539d0346a484ead376c3cc"},
    {file = "pydantic_core-2.23.4-cp313-cp313-macosx_11_0_arm64.whl", hash = "sha256:df933278128ea1cd77772673c73954e53a1c95a4fdf41eef97c2b779271bd0bd"},
    {file = "pydantic_core-2.23.4-cp313-cp313-manylinux_2_17_aarch64.manylinux2014_aarch64.whl", hash = "sha256:0cb3da3fd1b6a5d0279a01877713dbda118a2a4fc6f0d821a57da2e464793f05"},
    {file = "pydantic_core-2.23.4-cp313-cp313-manylinux_2_17_armv7l.manylinux2014_armv7l.whl", hash = "sha256:42c6dcb030aefb668a2b7009c85b27f90e51e6a3b4d5c9bc4c57631292015b0d"},
    {file = "pydantic_core-2.23.4-cp313-cp313-manylinux_2_17_ppc64le.manylinux2014_ppc64le.whl", hash = "sha256:696dd8d674d6ce621ab9d45b205df149399e4bb9aa34102c970b721554828510"},
    {file = "pydantic_core-2.23.4-cp313-cp313-manylinux_2_17_s390x.manylinux2014_s390x.whl", hash = "sha256:2971bb5ffe72cc0f555c13e19b23c85b654dd2a8f7ab493c262071377bfce9f6"},
    {file = "pydantic_core-2.23.4-cp313-cp313-manylinux_2_17_x86_64.manylinux2014_x86_64.whl", hash = "sha256:8394d940e5d400d04cad4f75c0598665cbb81aecefaca82ca85bd28264af7f9b"},
    {file = "pydantic_core-2.23.4-cp313-cp313-manylinux_2_5_i686.manylinux1_i686.whl", hash = "sha256:0dff76e0602ca7d4cdaacc1ac4c005e0ce0dcfe095d5b5259163a80d3a10d327"},
    {file = "pydantic_core-2.23.4-cp313-cp313-musllinux_1_1_aarch64.whl", hash = "sha256:7d32706badfe136888bdea71c0def994644e09fff0bfe47441deaed8e96fdbc6"},
    {file = "pydantic_core-2.23.4-cp313-cp313-musllinux_1_1_x86_64.whl", hash = "sha256:ed541d70698978a20eb63d8c5d72f2cc6d7079d9d90f6b50bad07826f1320f5f"},
    {file = "pydantic_core-2.23.4-cp313-none-win32.whl", hash = "sha256:3d5639516376dce1940ea36edf408c554475369f5da2abd45d44621cb616f769"},
    {file = "pydantic_core-2.23.4-cp313-none-win_amd64.whl", hash = "sha256:5a1504ad17ba4210df3a045132a7baeeba5a200e930f57512ee02909fc5c4cb5"},
    {file = "pydantic_core-2.23.4-cp38-cp38-macosx_10_12_x86_64.whl", hash = "sha256:d4488a93b071c04dc20f5cecc3631fc78b9789dd72483ba15d423b5b3689b555"},
    {file = "pydantic_core-2.23.4-cp38-cp38-macosx_11_0_arm64.whl", hash = "sha256:81965a16b675b35e1d09dd14df53f190f9129c0202356ed44ab2728b1c905658"},
    {file = "pydantic_core-2.23.4-cp38-cp38-manylinux_2_17_aarch64.manylinux2014_aarch64.whl", hash = "sha256:4ffa2ebd4c8530079140dd2d7f794a9d9a73cbb8e9d59ffe24c63436efa8f271"},
    {file = "pydantic_core-2.23.4-cp38-cp38-manylinux_2_17_armv7l.manylinux2014_armv7l.whl", hash = "sha256:61817945f2fe7d166e75fbfb28004034b48e44878177fc54d81688e7b85a3665"},
    {file = "pydantic_core-2.23.4-cp38-cp38-manylinux_2_17_ppc64le.manylinux2014_ppc64le.whl", hash = "sha256:29d2c342c4bc01b88402d60189f3df065fb0dda3654744d5a165a5288a657368"},
    {file = "pydantic_core-2.23.4-cp38-cp38-manylinux_2_17_s390x.manylinux2014_s390x.whl", hash = "sha256:5e11661ce0fd30a6790e8bcdf263b9ec5988e95e63cf901972107efc49218b13"},
    {file = "pydantic_core-2.23.4-cp38-cp38-manylinux_2_17_x86_64.manylinux2014_x86_64.whl", hash = "sha256:9d18368b137c6295db49ce7218b1a9ba15c5bc254c96d7c9f9e924a9bc7825ad"},
    {file = "pydantic_core-2.23.4-cp38-cp38-manylinux_2_5_i686.manylinux1_i686.whl", hash = "sha256:ec4e55f79b1c4ffb2eecd8a0cfba9955a2588497d96851f4c8f99aa4a1d39b12"},
    {file = "pydantic_core-2.23.4-cp38-cp38-musllinux_1_1_aarch64.whl", hash = "sha256:374a5e5049eda9e0a44c696c7ade3ff355f06b1fe0bb945ea3cac2bc336478a2"},
    {file = "pydantic_core-2.23.4-cp38-cp38-musllinux_1_1_x86_64.whl", hash = "sha256:5c364564d17da23db1106787675fc7af45f2f7b58b4173bfdd105564e132e6fb"},
    {file = "pydantic_core-2.23.4-cp38-none-win32.whl", hash = "sha256:d7a80d21d613eec45e3d41eb22f8f94ddc758a6c4720842dc74c0581f54993d6"},
    {file = "pydantic_core-2.23.4-cp38-none-win_amd64.whl", hash = "sha256:5f5ff8d839f4566a474a969508fe1c5e59c31c80d9e140566f9a37bba7b8d556"},
    {file = "pydantic_core-2.23.4-cp39-cp39-macosx_10_12_x86_64.whl", hash = "sha256:a4fa4fc04dff799089689f4fd502ce7d59de529fc2f40a2c8836886c03e0175a"},
    {file = "pydantic_core-2.23.4-cp39-cp39-macosx_11_0_arm64.whl", hash = "sha256:0a7df63886be5e270da67e0966cf4afbae86069501d35c8c1b3b6c168f42cb36"},
    {file = "pydantic_core-2.23.4-cp39-cp39-manylinux_2_17_aarch64.manylinux2014_aarch64.whl", hash = "sha256:dcedcd19a557e182628afa1d553c3895a9f825b936415d0dbd3cd0bbcfd29b4b"},
    {file = "pydantic_core-2.23.4-cp39-cp39-manylinux_2_17_armv7l.manylinux2014_armv7l.whl", hash = "sha256:5f54b118ce5de9ac21c363d9b3caa6c800341e8c47a508787e5868c6b79c9323"},
    {file = "pydantic_core-2.23.4-cp39-cp39-manylinux_2_17_ppc64le.manylinux2014_ppc64le.whl", hash = "sha256:86d2f57d3e1379a9525c5ab067b27dbb8a0642fb5d454e17a9ac434f9ce523e3"},
    {file = "pydantic_core-2.23.4-cp39-cp39-manylinux_2_17_s390x.manylinux2014_s390x.whl", hash = "sha256:de6d1d1b9e5101508cb37ab0d972357cac5235f5c6533d1071964c47139257df"},
    {file = "pydantic_core-2.23.4-cp39-cp39-manylinux_2_17_x86_64.manylinux2014_x86_64.whl", hash = "sha256:1278e0d324f6908e872730c9102b0112477a7f7cf88b308e4fc36ce1bdb6d58c"},
    {file = "pydantic_core-2.23.4-cp39-cp39-manylinux_2_5_i686.manylinux1_i686.whl", hash = "sha256:9a6b5099eeec78827553827f4c6b8615978bb4b6a88e5d9b93eddf8bb6790f55"},
    {file = "pydantic_core-2.23.4-cp39-cp39-musllinux_1_1_aarch64.whl", hash = "sha256:e55541f756f9b3ee346b840103f32779c695a19826a4c442b7954550a0972040"},
    {file = "pydantic_core-2.23.4-cp39-cp39-musllinux_1_1_x86_64.whl", hash = "sha256:a5c7ba8ffb6d6f8f2ab08743be203654bb1aaa8c9dcb09f82ddd34eadb695605"},
    {file = "pydantic_core-2.23.4-cp39-none-win32.whl", hash = "sha256:37b0fe330e4a58d3c58b24d91d1eb102aeec675a3db4c292ec3928ecd892a9a6"},
    {file = "pydantic_core-2.23.4-cp39-none-win_amd64.whl", hash = "sha256:1498bec4c05c9c787bde9125cfdcc63a41004ff167f495063191b863399b1a29"},
    {file = "pydantic_core-2.23.4-pp310-pypy310_pp73-macosx_10_12_x86_64.whl", hash = "sha256:f455ee30a9d61d3e1a15abd5068827773d6e4dc513e795f380cdd59932c782d5"},
    {file = "pydantic_core-2.23.4-pp310-pypy310_pp73-macosx_11_0_arm64.whl", hash = "sha256:1e90d2e3bd2c3863d48525d297cd143fe541be8bbf6f579504b9712cb6b643ec"},
    {file = "pydantic_core-2.23.4-pp310-pypy310_pp73-manylinux_2_17_aarch64.manylinux2014_aarch64.whl", hash = "sha256:2e203fdf807ac7e12ab59ca2bfcabb38c7cf0b33c41efeb00f8e5da1d86af480"},
    {file = "pydantic_core-2.23.4-pp310-pypy310_pp73-manylinux_2_17_x86_64.manylinux2014_x86_64.whl", hash = "sha256:e08277a400de01bc72436a0ccd02bdf596631411f592ad985dcee21445bd0068"},
    {file = "pydantic_core-2.23.4-pp310-pypy310_pp73-manylinux_2_5_i686.manylinux1_i686.whl", hash = "sha256:f220b0eea5965dec25480b6333c788fb72ce5f9129e8759ef876a1d805d00801"},
    {file = "pydantic_core-2.23.4-pp310-pypy310_pp73-musllinux_1_1_aarch64.whl", hash = "sha256:d06b0c8da4f16d1d1e352134427cb194a0a6e19ad5db9161bf32b2113409e728"},
    {file = "pydantic_core-2.23.4-pp310-pypy310_pp73-musllinux_1_1_x86_64.whl", hash = "sha256:ba1a0996f6c2773bd83e63f18914c1de3c9dd26d55f4ac302a7efe93fb8e7433"},
    {file = "pydantic_core-2.23.4-pp310-pypy310_pp73-win_amd64.whl", hash = "sha256:9a5bce9d23aac8f0cf0836ecfc033896aa8443b501c58d0602dbfd5bd5b37753"},
    {file = "pydantic_core-2.23.4-pp39-pypy39_pp73-macosx_10_12_x86_64.whl", hash = "sha256:78ddaaa81421a29574a682b3179d4cf9e6d405a09b99d93ddcf7e5239c742e21"},
    {file = "pydantic_core-2.23.4-pp39-pypy39_pp73-macosx_11_0_arm64.whl", hash = "sha256:883a91b5dd7d26492ff2f04f40fbb652de40fcc0afe07e8129e8ae779c2110eb"},
    {file = "pydantic_core-2.23.4-pp39-pypy39_pp73-manylinux_2_17_aarch64.manylinux2014_aarch64.whl", hash = "sha256:88ad334a15b32a791ea935af224b9de1bf99bcd62fabf745d5f3442199d86d59"},
    {file = "pydantic_core-2.23.4-pp39-pypy39_pp73-manylinux_2_17_x86_64.manylinux2014_x86_64.whl", hash = "sha256:233710f069d251feb12a56da21e14cca67994eab08362207785cf8c598e74577"},
    {file = "pydantic_core-2.23.4-pp39-pypy39_pp73-manylinux_2_5_i686.manylinux1_i686.whl", hash = "sha256:19442362866a753485ba5e4be408964644dd6a09123d9416c54cd49171f50744"},
    {file = "pydantic_core-2.23.4-pp39-pypy39_pp73-musllinux_1_1_aarch64.whl", hash = "sha256:624e278a7d29b6445e4e813af92af37820fafb6dcc55c012c834f9e26f9aaaef"},
    {file = "pydantic_core-2.23.4-pp39-pypy39_pp73-musllinux_1_1_x86_64.whl", hash = "sha256:f5ef8f42bec47f21d07668a043f077d507e5bf4e668d5c6dfe6aaba89de1a5b8"},
    {file = "pydantic_core-2.23.4-pp39-pypy39_pp73-win_amd64.whl", hash = "sha256:aea443fffa9fbe3af1a9ba721a87f926fe548d32cab71d188a6ede77d0ff244e"},
    {file = "pydantic_core-2.23.4.tar.gz", hash = "sha256:2584f7cf844ac4d970fba483a717dbe10c1c1c96a969bf65d61ffe94df1b2863"},
]

[package.dependencies]
typing-extensions = ">=4.6.0,<4.7.0 || >4.7.0"

[[package]]
name = "pytz"
version = "2024.2"
description = "World timezone definitions, modern and historical"
optional = false
python-versions = "*"
files = [
    {file = "pytz-2024.2-py2.py3-none-any.whl", hash = "sha256:31c7c1817eb7fae7ca4b8c7ee50c72f93aa2dd863de768e1ef4245d426aa0725"},
    {file = "pytz-2024.2.tar.gz", hash = "sha256:2aa355083c50a0f93fa581709deac0c9ad65cca8a9e9beac660adcbd493c798a"},
]

[[package]]
name = "sniffio"
version = "1.3.1"
description = "Sniff out which async library your code is running under"
optional = false
python-versions = ">=3.7"
files = [
    {file = "sniffio-1.3.1-py3-none-any.whl", hash = "sha256:2f6da418d1f1e0fddd844478f41680e794e6051915791a034ff65e5f100525a2"},
    {file = "sniffio-1.3.1.tar.gz", hash = "sha256:f4324edc670a0f49750a81b895f35c3adb843cca46f0530f79fc1babb23789dc"},
]

[[package]]
name = "starlette"
version = "0.38.6"
description = "The little ASGI library that shines."
optional = false
python-versions = ">=3.8"
files = [
    {file = "starlette-0.38.6-py3-none-any.whl", hash = "sha256:4517a1409e2e73ee4951214ba012052b9e16f60e90d73cfb06192c19203bbb05"},
    {file = "starlette-0.38.6.tar.gz", hash = "sha256:863a1588f5574e70a821dadefb41e4881ea451a47a3cd1b4df359d4ffefe5ead"},
]

[package.dependencies]
anyio = ">=3.4.0,<5"

[package.extras]
full = ["httpx (>=0.22.0)", "itsdangerous", "jinja2", "python-multipart (>=0.0.7)", "pyyaml"]

[[package]]
name = "typing-extensions"
version = "4.12.2"
description = "Backported and Experimental Type Hints for Python 3.8+"
optional = false
python-versions = ">=3.8"
files = [
    {file = "typing_extensions-4.12.2-py3-none-any.whl", hash = "sha256:04e5ca0351e0f3f85c6853954072df659d0d13fac324d0072316b67d7794700d"},
    {file = "typing_extensions-4.12.2.tar.gz", hash = "sha256:1a7ead55c7e559dd4dee8856e3a88b41225abfe1ce8df57b7c13915fe121ffb8"},
]

[[package]]
name = "tzdata"
version = "2024.2"
description = "Provider of IANA time zone data"
optional = false
python-versions = ">=2"
files = [
    {file = "tzdata-2024.2-py2.py3-none-any.whl", hash = "sha256:a48093786cdcde33cad18c2555e8532f34422074448fbc874186f0abd79565cd"},
    {file = "tzdata-2024.2.tar.gz", hash = "sha256:7d85cc416e9382e69095b7bdf4afd9e3880418a2413feec7069d533d6b4e31cc"},
]

[[package]]
name = "tzlocal"
version = "5.2"
description = "tzinfo object for the local timezone"
optional = false
python-versions = ">=3.8"
files = [
    {file = "tzlocal-5.2-py3-none-any.whl", hash = "sha256:49816ef2fe65ea8ac19d19aa7a1ae0551c834303d5014c6d5a62e4cbda8047b8"},
    {file = "tzlocal-5.2.tar.gz", hash = "sha256:8d399205578f1a9342816409cc1e46a93ebd5755e39ea2d85334bea911bf0e6e"},
]

[package.dependencies]
tzdata = {version = "*", markers = "platform_system == \"Windows\""}

[package.extras]
devenv = ["check-manifest", "pytest (>=4.3)", "pytest-cov", "pytest-mock (>=3.3)", "zest.releaser"]

[[package]]
name = "uvicorn"
version = "0.30.6"
description = "The lightning-fast ASGI server."
optional = false
python-versions = ">=3.8"
files = [
    {file = "uvicorn-0.30.6-py3-none-any.whl", hash = "sha256:65fd46fe3fda5bdc1b03b94eb634923ff18cd35b2f084813ea79d1f103f711b5"},
    {file = "uvicorn-0.30.6.tar.gz", hash = "sha256:4b15decdda1e72be08209e860a1e10e92439ad5b97cf44cc945fcbee66fc5788"},
]

[package.dependencies]
click = ">=7.0"
h11 = ">=0.8"

[package.extras]
standard = ["colorama (>=0.4)", "httptools (>=0.5.0)", "python-dotenv (>=0.13)", "pyyaml (>=5.1)", "uvloop (>=0.14.0,!=0.15.0,!=0.15.1)", "watchfiles (>=0.13)", "websockets (>=10.4)"]

[metadata]
lock-version = "2.0"
python-versions = "^3.12"
content-hash = "6c12dbf636c78352df50c499e71b7a8a5a582d10c72d30e5caef28c0c2314cb6"
